{
  "name": "matcha",
  "version": "1.0.0",
  "lockfileVersion": 1,
  "requires": true,
  "dependencies": {
    "@prisma/engines": {
      "version": "2.28.0-17.89facabd0366f63911d089156a7a70125bfbcd27",
      "resolved": "https://registry.npmjs.org/@prisma/engines/-/engines-2.28.0-17.89facabd0366f63911d089156a7a70125bfbcd27.tgz",
      "integrity": "sha512-r3/EnwKjbu2qz13I98hPQQdeFrOEcwdjlrB9CcoSoqRCjSHLnpdVMUvRfYuRKIoEF7p941R7/Fov0/CxOLF/MQ==",
      "dev": true
    },
    "@types/node": {
      "version": "16.4.11",
      "resolved": "https://registry.npmjs.org/@types/node/-/node-16.4.11.tgz",
      "integrity": "sha512-nWSFUbuNiPKJEe1IViuodSI+9cM+vpM8SWF/O6dJK7wmGRNq55U7XavJHrlRrPkSMuUZUFzg1xaZ1B+ZZCrRWw==",
      "dev": true
    },
    "dotenv": {
      "version": "10.0.0",
      "resolved": "https://registry.npmjs.org/dotenv/-/dotenv-10.0.0.tgz",
      "integrity": "sha512-rlBi9d8jpv9Sf1klPjNfFAuWDjKLwTIJJ/VxtoTwIR6hnZxcEOQCZg2oIL3MWBYw5GpUDKOEnND7LXTbIpQ03Q=="
    },
    "prisma": {
      "version": "2.28.0",
      "resolved": "https://registry.npmjs.org/prisma/-/prisma-2.28.0.tgz",
      "integrity": "sha512-f83KPLy3xk07KMY4e5otNwP2I+GsdftjOfu3e8snXylnyAC1oEpRZNe7rmONr0vAI+Qgz3LFRArhWUE/dFjKIA==",
      "dev": true,
      "requires": {
        "@prisma/engines": "2.28.0-17.89facabd0366f63911d089156a7a70125bfbcd27"
      }
    },
    "typescript": {
      "version": "4.3.5",
      "resolved": "https://registry.npmjs.org/typescript/-/typescript-4.3.5.tgz",
      "integrity": "sha512-DqQgihaQ9cUrskJo9kIyW/+g0Vxsk8cDtZ52a3NGh0YNTfpUSArXSohyUGnvbPazEPLu398C0UxmKSOrPumUzA==",
      "dev": true
    }
  }
}
